
Microsoft Visual Studio Solution File, Format Version 12.00
# Visual Studio Version 17
VisualStudioVersion = 17.5.002.0
MinimumVisualStudioVersion = 10.0.40219.1
Project("{9A19103F-16F7-4668-BE54-9A1E7A4F7556}") = "fetchIP", "fetchIP.csproj", "{7CD83318-2268-4011-8A41-DEFF4F739282}"
EndProject
Project("{9A19103F-16F7-4668-BE54-9A1E7A4F7556}") = "promptIP", "promptIP.csproj", "{5C52A497-7C48-482D-BB91-478C7C5F0F3D}"
EndProject
Project("{9A19103F-16F7-4668-BE54-9A1E7A4F7556}") = "unblockIP", "unblockIP.csproj", "{E78E56FF-EB6B-4F8D-B105-8C93270CDA1D}"
EndProject
Global
	GlobalSection(SolutionConfigurationPlatforms) = preSolution
		Debug|Any CPU = Debug|Any CPU
		Release|Any CPU = Release|Any CPU
	EndGlobalSection
	GlobalSection(ProjectConfigurationPlatforms) = postSolution
		{7CD83318-2268-4011-8A41-DEFF4F739282}.Debug|Any CPU.ActiveCfg = Debug|Any CPU
		{7CD83318-2268-4011-8A41-DEFF4F739282}.Debug|Any CPU.Build.0 = Debug|Any CPU
		{7CD83318-2268-4011-8A41-DEFF4F739282}.Release|Any CPU.ActiveCfg = Release|Any CPU
		{7CD83318-2268-4011-8A41-DEFF4F739282}.Release|Any CPU.Build.0 = Release|Any CPU
		{5C52A497-7C48-482D-BB91-478C7C5F0F3D}.Debug|Any CPU.ActiveCfg = Debug|Any CPU
		{5C52A497-7C48-482D-BB91-478C7C5F0F3D}.Debug|Any CPU.Build.0 = Debug|Any CPU
		{5C52A497-7C48-482D-BB91-478C7C5F0F3D}.Release|Any CPU.ActiveCfg = Release|Any CPU
		{5C52A497-7C48-482D-BB91-478C7C5F0F3D}.Release|Any CPU.Build.0 = Release|Any CPU
		{E78E56FF-EB6B-4F8D-B105-8C93270CDA1D}.Debug|Any CPU.ActiveCfg = Debug|Any CPU
		{E78E56FF-EB6B-4F8D-B105-8C93270CDA1D}.Debug|Any CPU.Build.0 = Debug|Any CPU
		{E78E56FF-EB6B-4F8D-B105-8C93270CDA1D}.Release|Any CPU.ActiveCfg = Release|Any CPU
		{E78E56FF-EB6B-4F8D-B105-8C93270CDA1D}.Release|Any CPU.Build.0 = Release|Any CPU
	EndGlobalSection
	GlobalSection(SolutionProperties) = preSolution
		HideSolutionNode = FALSE
	EndGlobalSection
	GlobalSection(ExtensibilityGlobals) = postSolution
		SolutionGuid = {FED8755A-45A8-47E8-AC67-4C56F0FC6F23}
	EndGlobalSection
EndGlobal
